github.com/go-zeromq/goczmq/v4 v4.2.2/go.mod h1:Sm/lxrfxP/Oxqs0tnHD6WAhwkWrx+S+1MRrKzcxoaYE=
github.com/go-zeromq/zmq4 v0.13.0 h1:XUWXLyeRsPsv4KlKMXnv/cEm//Vew2RLuNmDFQnZQXU=
github.com/go-zeromq/zmq4 v0.13.0/go.mod h1:TrFwdPHMSLG7Rhp8OVhQBkb4bSajfucWv8rwoEFIgSY=
github.com/pebbe/zmq4 v1.2.2 h1:RZ5Ogp0D5S6u+tSxopnI3afAf0ifWbvQOAw9HxXvZP4=
github.com/pebbe/zmq4 v1.2.2/go.mod h1:7N4y5R18zBiu3l0vajMUWQgZyjv464prE8RCyBcmnZM=
golang.org/x/sync v0.0.0-20190423024810-112230192c58 h1:8gQV6CLnAEikrhgkHFbMAEhagSSnXWGV915qUMm9mrU=
golang.org/x/sync v0.0.0-20190423024810-112230192c58/go.mod h1:RxMgew5VJxzue5/jJTE5uejpjVlOe/izrB70Jof72aM=
